
Microsoft Visual Studio Solution File, Format Version 11.00
# Visual Studio 2010
Project("{FAE04EC0-301F-11D3-BF4B-00C04F79EFBC}") = "EvasionExplosivaOnline", "Assembly-CSharp-firstpass.csproj", "{3435B169-F1A1-22C8-CA10-AFB6B03010AA}"
EndProject
Project("{FAE04EC0-301F-11D3-BF4B-00C04F79EFBC}") = "EvasionExplosivaOnline", "Assembly-CSharp.csproj", "{0730636E-0757-3527-6B5B-15256A48FCB2}"
EndProject
Project("{FAE04EC0-301F-11D3-BF4B-00C04F79EFBC}") = "EvasionExplosivaOnline", "Assembly-CSharp-Editor-firstpass.csproj", "{874F26E1-20D1-F4EF-77A4-E798269E956E}"
EndProject
Project("{FAE04EC0-301F-11D3-BF4B-00C04F79EFBC}") = "EvasionExplosivaOnline", "Assembly-CSharp-Editor.csproj", "{9C7A078D-1F72-AFC7-3AC3-31FEE1FBB3A7}"
EndProject
Global
	GlobalSection(SolutionConfigurationPlatforms) = preSolution
		Debug|Any CPU = Debug|Any CPU
		Release|Any CPU = Release|Any CPU
	EndGlobalSection
	GlobalSection(ProjectConfigurationPlatforms) = postSolution
		{3435B169-F1A1-22C8-CA10-AFB6B03010AA}.Debug|Any CPU.ActiveCfg = Debug|Any CPU
		{3435B169-F1A1-22C8-CA10-AFB6B03010AA}.Debug|Any CPU.Build.0 = Debug|Any CPU
		{3435B169-F1A1-22C8-CA10-AFB6B03010AA}.Release|Any CPU.ActiveCfg = Release|Any CPU
		{3435B169-F1A1-22C8-CA10-AFB6B03010AA}.Release|Any CPU.Build.0 = Release|Any CPU
		{0730636E-0757-3527-6B5B-15256A48FCB2}.Debug|Any CPU.ActiveCfg = Debug|Any CPU
		{0730636E-0757-3527-6B5B-15256A48FCB2}.Debug|Any CPU.Build.0 = Debug|Any CPU
		{0730636E-0757-3527-6B5B-15256A48FCB2}.Release|Any CPU.ActiveCfg = Release|Any CPU
		{0730636E-0757-3527-6B5B-15256A48FCB2}.Release|Any CPU.Build.0 = Release|Any CPU
		{874F26E1-20D1-F4EF-77A4-E798269E956E}.Debug|Any CPU.ActiveCfg = Debug|Any CPU
		{874F26E1-20D1-F4EF-77A4-E798269E956E}.Debug|Any CPU.Build.0 = Debug|Any CPU
		{874F26E1-20D1-F4EF-77A4-E798269E956E}.Release|Any CPU.ActiveCfg = Release|Any CPU
		{874F26E1-20D1-F4EF-77A4-E798269E956E}.Release|Any CPU.Build.0 = Release|Any CPU
		{9C7A078D-1F72-AFC7-3AC3-31FEE1FBB3A7}.Debug|Any CPU.ActiveCfg = Debug|Any CPU
		{9C7A078D-1F72-AFC7-3AC3-31FEE1FBB3A7}.Debug|Any CPU.Build.0 = Debug|Any CPU
		{9C7A078D-1F72-AFC7-3AC3-31FEE1FBB3A7}.Release|Any CPU.ActiveCfg = Release|Any CPU
		{9C7A078D-1F72-AFC7-3AC3-31FEE1FBB3A7}.Release|Any CPU.Build.0 = Release|Any CPU
	EndGlobalSection
	GlobalSection(SolutionProperties) = preSolution
		HideSolutionNode = FALSE
	EndGlobalSection
	GlobalSection(MonoDevelopProperties) = preSolution
		StartupItem = Assembly-CSharp.csproj
	EndGlobalSection
EndGlobal
